// !$*UTF8*$!
{
	archiveVersion = 1;
	classes = {
	};
	objectVersion = 56;
	objects = {

/* Begin PBXBuildFile section */
		5B048BDD2AC56C61008A78E5 /* FavouritesScreen.swift in Sources */ = {isa = PBXBuildFile; fileRef = 5B048BDC2AC56C61008A78E5 /* FavouritesScreen.swift */; };
		5B6D41902AC3F4430045E4FF /* CustomCollectionViewCell.swift in Sources */ = {isa = PBXBuildFile; fileRef = 5B6D418E2AC3F4430045E4FF /* CustomCollectionViewCell.swift */; };
		5B6D41912AC3F4430045E4FF /* CustomCollectionViewCell.xib in Resources */ = {isa = PBXBuildFile; fileRef = 5B6D418F2AC3F4430045E4FF /* CustomCollectionViewCell.xib */; };
		5B6D41932AC3F6800045E4FF /* SportsHomeScreen.swift in Sources */ = {isa = PBXBuildFile; fileRef = 5B6D41922AC3F6800045E4FF /* SportsHomeScreen.swift */; };
		5B7991DA2ACB13940062C340 /* NetworkManager.swift in Sources */ = {isa = PBXBuildFile; fileRef = 5B7991D92ACB13940062C340 /* NetworkManager.swift */; };
		5B7991DC2ACB13CA0062C340 /* NetworkProtocol.swift in Sources */ = {isa = PBXBuildFile; fileRef = 5B7991DB2ACB13CA0062C340 /* NetworkProtocol.swift */; };
		5B7991DE2ACB1FE40062C340 /* EventsModel.swift in Sources */ = {isa = PBXBuildFile; fileRef = 5B7991DD2ACB1FE40062C340 /* EventsModel.swift */; };
		5B9AD4772AC3E65400F2487A /* AppDelegate.swift in Sources */ = {isa = PBXBuildFile; fileRef = 5B9AD4762AC3E65400F2487A /* AppDelegate.swift */; };
		5B9AD4792AC3E65400F2487A /* SceneDelegate.swift in Sources */ = {isa = PBXBuildFile; fileRef = 5B9AD4782AC3E65400F2487A /* SceneDelegate.swift */; };
		5B9AD47B2AC3E65400F2487A /* ViewController.swift in Sources */ = {isa = PBXBuildFile; fileRef = 5B9AD47A2AC3E65400F2487A /* ViewController.swift */; };
		5B9AD47E2AC3E65400F2487A /* Main.storyboard in Resources */ = {isa = PBXBuildFile; fileRef = 5B9AD47C2AC3E65400F2487A /* Main.storyboard */; };
		5B9AD4812AC3E65400F2487A /* Sports_App.xcdatamodeld in Sources */ = {isa = PBXBuildFile; fileRef = 5B9AD47F2AC3E65400F2487A /* Sports_App.xcdatamodeld */; };
		5B9AD4832AC3E65700F2487A /* Assets.xcassets in Resources */ = {isa = PBXBuildFile; fileRef = 5B9AD4822AC3E65700F2487A /* Assets.xcassets */; };
		5B9AD4862AC3E65700F2487A /* LaunchScreen.storyboard in Resources */ = {isa = PBXBuildFile; fileRef = 5B9AD4842AC3E65700F2487A /* LaunchScreen.storyboard */; };
		5B9AD4912AC3E65700F2487A /* Sports_AppTests.swift in Sources */ = {isa = PBXBuildFile; fileRef = 5B9AD4902AC3E65700F2487A /* Sports_AppTests.swift */; };
		5B9AD49B2AC3E65700F2487A /* Sports_AppUITests.swift in Sources */ = {isa = PBXBuildFile; fileRef = 5B9AD49A2AC3E65700F2487A /* Sports_AppUITests.swift */; };
		5B9AD49D2AC3E65700F2487A /* Sports_AppUITestsLaunchTests.swift in Sources */ = {isa = PBXBuildFile; fileRef = 5B9AD49C2AC3E65700F2487A /* Sports_AppUITestsLaunchTests.swift */; };
		5BA7C83E2AC47F19005E8F2B /* SportTypesModel.swift in Sources */ = {isa = PBXBuildFile; fileRef = 5BA7C83D2AC47F19005E8F2B /* SportTypesModel.swift */; };
		5BC8228E2AD328F5003B2231 /* CoreDataProtocol.swift in Sources */ = {isa = PBXBuildFile; fileRef = 5BC8228D2AD328F5003B2231 /* CoreDataProtocol.swift */; };
		5BC822992AD32F1C003B2231 /* LeagueViewModel.swift in Sources */ = {isa = PBXBuildFile; fileRef = 5BC822982AD32F1C003B2231 /* LeagueViewModel.swift */; };
		5BC8229C2AD34575003B2231 /* LeagueDetailsViewModel.swift in Sources */ = {isa = PBXBuildFile; fileRef = 5BC8229B2AD34575003B2231 /* LeagueDetailsViewModel.swift */; };
		6A059A0BED206E3C6FD30DE8 /* Pods_Sports_App.framework in Frameworks */ = {isa = PBXBuildFile; fileRef = 9724F82AFFB7CA22F7E5DE63 /* Pods_Sports_App.framework */; };
		8B99E234A2EC1C3FD2F0A4CE /* Pods_Sports_App_Sports_AppUITests.framework in Frameworks */ = {isa = PBXBuildFile; fileRef = 8E42D6E9D9FF65E783CE9ABD /* Pods_Sports_App_Sports_AppUITests.framework */; };
		B6BE7E5B6FAF24E9BAC7EDE5 /* Pods_Sports_AppTests.framework in Frameworks */ = {isa = PBXBuildFile; fileRef = 5E591A706654DA3B4DB61782 /* Pods_Sports_AppTests.framework */; };
		DC4852A32AC71F1C0016791F /* TabBC.swift in Sources */ = {isa = PBXBuildFile; fileRef = DC4852A22AC71F1C0016791F /* TabBC.swift */; };
		DC4852CD2ACB80610016791F /* LeagueModel.swift in Sources */ = {isa = PBXBuildFile; fileRef = DC4852CC2ACB80610016791F /* LeagueModel.swift */; };
		DC4852D12ACB87D50016791F /* TeamModel.swift in Sources */ = {isa = PBXBuildFile; fileRef = DC4852D02ACB87D50016791F /* TeamModel.swift */; };
		DC8FC0982AC4D60300CFCFBA /* LeagueCell.swift in Sources */ = {isa = PBXBuildFile; fileRef = DC8FC0962AC4D60300CFCFBA /* LeagueCell.swift */; };
		DC8FC0992AC4D60300CFCFBA /* LeagueCell.xib in Resources */ = {isa = PBXBuildFile; fileRef = DC8FC0972AC4D60300CFCFBA /* LeagueCell.xib */; };
		DC8FC09B2AC4D91D00CFCFBA /* LeagueVC.swift in Sources */ = {isa = PBXBuildFile; fileRef = DC8FC09A2AC4D91D00CFCFBA /* LeagueVC.swift */; };
		DCAF38042AC627A0001F1A9B /* LaunchViewController.swift in Sources */ = {isa = PBXBuildFile; fileRef = DCAF38032AC627A0001F1A9B /* LaunchViewController.swift */; };
		DCAF38062AC628DC001F1A9B /* Sports_Animation.json in Resources */ = {isa = PBXBuildFile; fileRef = DCAF38052AC628DC001F1A9B /* Sports_Animation.json */; };
		EE3702A62AC59C8100A88CE6 /* sectionHeader.swift in Sources */ = {isa = PBXBuildFile; fileRef = EE3702A52AC59C8100A88CE6 /* sectionHeader.swift */; };
		EEA8E2FD2AD16E1F001C07CA /* PlayerCollectionViewCell.swift in Sources */ = {isa = PBXBuildFile; fileRef = EEA8E2FB2AD16E1F001C07CA /* PlayerCollectionViewCell.swift */; };
		EEA8E2FE2AD16E1F001C07CA /* PlayerCollectionViewCell.xib in Resources */ = {isa = PBXBuildFile; fileRef = EEA8E2FC2AD16E1F001C07CA /* PlayerCollectionViewCell.xib */; };
		EEA8E3002AD19E34001C07CA /* Header.swift in Sources */ = {isa = PBXBuildFile; fileRef = EEA8E2FF2AD19E34001C07CA /* Header.swift */; };
		EEAE14122AC815D9000D267B /* CoreDataManager.swift in Sources */ = {isa = PBXBuildFile; fileRef = EEAE14112AC815D9000D267B /* CoreDataManager.swift */; };
		EEC2EE132AC552BC00D4154B /* TeamDetailsViewController.swift in Sources */ = {isa = PBXBuildFile; fileRef = EEC2EE102AC552BB00D4154B /* TeamDetailsViewController.swift */; };
		EEC2EE142AC552BC00D4154B /* TeamCollectionViewCell.swift in Sources */ = {isa = PBXBuildFile; fileRef = EEC2EE112AC552BB00D4154B /* TeamCollectionViewCell.swift */; };
		EEC2EE152AC552BC00D4154B /* TeamCollectionViewCell.xib in Resources */ = {isa = PBXBuildFile; fileRef = EEC2EE122AC552BB00D4154B /* TeamCollectionViewCell.xib */; };
		EEDE01662AC45076003919C5 /* EventsCollectionCell.swift in Sources */ = {isa = PBXBuildFile; fileRef = EEDE01632AC45076003919C5 /* EventsCollectionCell.swift */; };
		EEDE01672AC45076003919C5 /* EventsCollectionCell.xib in Resources */ = {isa = PBXBuildFile; fileRef = EEDE01642AC45076003919C5 /* EventsCollectionCell.xib */; };
		EEDE01682AC45076003919C5 /* TheLeaguesDetailsViewController.swift in Sources */ = {isa = PBXBuildFile; fileRef = EEDE01652AC45076003919C5 /* TheLeaguesDetailsViewController.swift */; };
		EEDE016B2AC457BF003919C5 /* LatestEventsCollectionViewCell.swift in Sources */ = {isa = PBXBuildFile; fileRef = EEDE01692AC457BF003919C5 /* LatestEventsCollectionViewCell.swift */; };
		EEDE016C2AC457BF003919C5 /* LatestEventsCollectionViewCell.xib in Resources */ = {isa = PBXBuildFile; fileRef = EEDE016A2AC457BF003919C5 /* LatestEventsCollectionViewCell.xib */; };
/* End PBXBuildFile section */

/* Begin PBXContainerItemProxy section */
		5B9AD48D2AC3E65700F2487A /* PBXContainerItemProxy */ = {
			isa = PBXContainerItemProxy;
			containerPortal = 5B9AD46B2AC3E65400F2487A /* Project object */;
			proxyType = 1;
			remoteGlobalIDString = 5B9AD4722AC3E65400F2487A;
			remoteInfo = Sports_App;
		};
		5B9AD4972AC3E65700F2487A /* PBXContainerItemProxy */ = {
			isa = PBXContainerItemProxy;
			containerPortal = 5B9AD46B2AC3E65400F2487A /* Project object */;
			proxyType = 1;
			remoteGlobalIDString = 5B9AD4722AC3E65400F2487A;
			remoteInfo = Sports_App;
		};
/* End PBXContainerItemProxy section */

/* Begin PBXFileReference section */
		3C4E161F934B8BD57F390CBD /* Pods-Sports_App.release.xcconfig */ = {isa = PBXFileReference; includeInIndex = 1; lastKnownFileType = text.xcconfig; name = "Pods-Sports_App.release.xcconfig"; path = "Target Support Files/Pods-Sports_App/Pods-Sports_App.release.xcconfig"; sourceTree = "<group>"; };
		404000AFD8C57582BE2205D6 /* Pods-Sports_AppTests.debug.xcconfig */ = {isa = PBXFileReference; includeInIndex = 1; lastKnownFileType = text.xcconfig; name = "Pods-Sports_AppTests.debug.xcconfig"; path = "Target Support Files/Pods-Sports_AppTests/Pods-Sports_AppTests.debug.xcconfig"; sourceTree = "<group>"; };
		5B048BDC2AC56C61008A78E5 /* FavouritesScreen.swift */ = {isa = PBXFileReference; lastKnownFileType = sourcecode.swift; path = FavouritesScreen.swift; sourceTree = "<group>"; };
		5B6D418E2AC3F4430045E4FF /* CustomCollectionViewCell.swift */ = {isa = PBXFileReference; lastKnownFileType = sourcecode.swift; path = CustomCollectionViewCell.swift; sourceTree = "<group>"; };
		5B6D418F2AC3F4430045E4FF /* CustomCollectionViewCell.xib */ = {isa = PBXFileReference; lastKnownFileType = file.xib; path = CustomCollectionViewCell.xib; sourceTree = "<group>"; };
		5B6D41922AC3F6800045E4FF /* SportsHomeScreen.swift */ = {isa = PBXFileReference; lastKnownFileType = sourcecode.swift; path = SportsHomeScreen.swift; sourceTree = "<group>"; };
		5B7991D92ACB13940062C340 /* NetworkManager.swift */ = {isa = PBXFileReference; lastKnownFileType = sourcecode.swift; path = NetworkManager.swift; sourceTree = "<group>"; };
		5B7991DB2ACB13CA0062C340 /* NetworkProtocol.swift */ = {isa = PBXFileReference; lastKnownFileType = sourcecode.swift; path = NetworkProtocol.swift; sourceTree = "<group>"; };
		5B7991DD2ACB1FE40062C340 /* EventsModel.swift */ = {isa = PBXFileReference; lastKnownFileType = sourcecode.swift; path = EventsModel.swift; sourceTree = "<group>"; };
		5B9AD4732AC3E65400F2487A /* Sports_App.app */ = {isa = PBXFileReference; explicitFileType = wrapper.application; includeInIndex = 0; path = Sports_App.app; sourceTree = BUILT_PRODUCTS_DIR; };
		5B9AD4762AC3E65400F2487A /* AppDelegate.swift */ = {isa = PBXFileReference; lastKnownFileType = sourcecode.swift; path = AppDelegate.swift; sourceTree = "<group>"; };
		5B9AD4782AC3E65400F2487A /* SceneDelegate.swift */ = {isa = PBXFileReference; lastKnownFileType = sourcecode.swift; path = SceneDelegate.swift; sourceTree = "<group>"; };
		5B9AD47A2AC3E65400F2487A /* ViewController.swift */ = {isa = PBXFileReference; lastKnownFileType = sourcecode.swift; path = ViewController.swift; sourceTree = "<group>"; };
		5B9AD47D2AC3E65400F2487A /* Base */ = {isa = PBXFileReference; lastKnownFileType = file.storyboard; name = Base; path = Base.lproj/Main.storyboard; sourceTree = "<group>"; };
		5B9AD4802AC3E65400F2487A /* Sports_App.xcdatamodel */ = {isa = PBXFileReference; lastKnownFileType = wrapper.xcdatamodel; path = Sports_App.xcdatamodel; sourceTree = "<group>"; };
		5B9AD4822AC3E65700F2487A /* Assets.xcassets */ = {isa = PBXFileReference; lastKnownFileType = folder.assetcatalog; path = Assets.xcassets; sourceTree = "<group>"; };
		5B9AD4852AC3E65700F2487A /* Base */ = {isa = PBXFileReference; lastKnownFileType = file.storyboard; name = Base; path = Base.lproj/LaunchScreen.storyboard; sourceTree = "<group>"; };
		5B9AD4872AC3E65700F2487A /* Info.plist */ = {isa = PBXFileReference; lastKnownFileType = text.plist.xml; path = Info.plist; sourceTree = "<group>"; };
		5B9AD48C2AC3E65700F2487A /* Sports_AppTests.xctest */ = {isa = PBXFileReference; explicitFileType = wrapper.cfbundle; includeInIndex = 0; path = Sports_AppTests.xctest; sourceTree = BUILT_PRODUCTS_DIR; };
		5B9AD4902AC3E65700F2487A /* Sports_AppTests.swift */ = {isa = PBXFileReference; lastKnownFileType = sourcecode.swift; path = Sports_AppTests.swift; sourceTree = "<group>"; };
		5B9AD4962AC3E65700F2487A /* Sports_AppUITests.xctest */ = {isa = PBXFileReference; explicitFileType = wrapper.cfbundle; includeInIndex = 0; path = Sports_AppUITests.xctest; sourceTree = BUILT_PRODUCTS_DIR; };
		5B9AD49A2AC3E65700F2487A /* Sports_AppUITests.swift */ = {isa = PBXFileReference; lastKnownFileType = sourcecode.swift; path = Sports_AppUITests.swift; sourceTree = "<group>"; };
		5B9AD49C2AC3E65700F2487A /* Sports_AppUITestsLaunchTests.swift */ = {isa = PBXFileReference; lastKnownFileType = sourcecode.swift; path = Sports_AppUITestsLaunchTests.swift; sourceTree = "<group>"; };
		5BA7C83D2AC47F19005E8F2B /* SportTypesModel.swift */ = {isa = PBXFileReference; lastKnownFileType = sourcecode.swift; path = SportTypesModel.swift; sourceTree = "<group>"; };
		5BC8228D2AD328F5003B2231 /* CoreDataProtocol.swift */ = {isa = PBXFileReference; lastKnownFileType = sourcecode.swift; path = CoreDataProtocol.swift; sourceTree = "<group>"; };
		5BC822982AD32F1C003B2231 /* LeagueViewModel.swift */ = {isa = PBXFileReference; lastKnownFileType = sourcecode.swift; path = LeagueViewModel.swift; sourceTree = "<group>"; };
		5BC8229B2AD34575003B2231 /* LeagueDetailsViewModel.swift */ = {isa = PBXFileReference; lastKnownFileType = sourcecode.swift; path = LeagueDetailsViewModel.swift; sourceTree = "<group>"; };
		5E591A706654DA3B4DB61782 /* Pods_Sports_AppTests.framework */ = {isa = PBXFileReference; explicitFileType = wrapper.framework; includeInIndex = 0; path = Pods_Sports_AppTests.framework; sourceTree = BUILT_PRODUCTS_DIR; };
		7CF0F0E58C4ABE6C7B5E2202 /* Pods-Sports_App-Sports_AppUITests.release.xcconfig */ = {isa = PBXFileReference; includeInIndex = 1; lastKnownFileType = text.xcconfig; name = "Pods-Sports_App-Sports_AppUITests.release.xcconfig"; path = "Target Support Files/Pods-Sports_App-Sports_AppUITests/Pods-Sports_App-Sports_AppUITests.release.xcconfig"; sourceTree = "<group>"; };
		8E42D6E9D9FF65E783CE9ABD /* Pods_Sports_App_Sports_AppUITests.framework */ = {isa = PBXFileReference; explicitFileType = wrapper.framework; includeInIndex = 0; path = Pods_Sports_App_Sports_AppUITests.framework; sourceTree = BUILT_PRODUCTS_DIR; };
		9724F82AFFB7CA22F7E5DE63 /* Pods_Sports_App.framework */ = {isa = PBXFileReference; explicitFileType = wrapper.framework; includeInIndex = 0; path = Pods_Sports_App.framework; sourceTree = BUILT_PRODUCTS_DIR; };
		AB9262880AED33FC72562294 /* Pods-Sports_AppTests.release.xcconfig */ = {isa = PBXFileReference; includeInIndex = 1; lastKnownFileType = text.xcconfig; name = "Pods-Sports_AppTests.release.xcconfig"; path = "Target Support Files/Pods-Sports_AppTests/Pods-Sports_AppTests.release.xcconfig"; sourceTree = "<group>"; };
		DC4852A22AC71F1C0016791F /* TabBC.swift */ = {isa = PBXFileReference; lastKnownFileType = sourcecode.swift; path = TabBC.swift; sourceTree = "<group>"; };
		DC4852CC2ACB80610016791F /* LeagueModel.swift */ = {isa = PBXFileReference; lastKnownFileType = sourcecode.swift; path = LeagueModel.swift; sourceTree = "<group>"; };
		DC4852D02ACB87D50016791F /* TeamModel.swift */ = {isa = PBXFileReference; lastKnownFileType = sourcecode.swift; path = TeamModel.swift; sourceTree = "<group>"; };
		DC8FC0962AC4D60300CFCFBA /* LeagueCell.swift */ = {isa = PBXFileReference; lastKnownFileType = sourcecode.swift; path = LeagueCell.swift; sourceTree = "<group>"; };
		DC8FC0972AC4D60300CFCFBA /* LeagueCell.xib */ = {isa = PBXFileReference; lastKnownFileType = file.xib; path = LeagueCell.xib; sourceTree = "<group>"; };
		DC8FC09A2AC4D91D00CFCFBA /* LeagueVC.swift */ = {isa = PBXFileReference; lastKnownFileType = sourcecode.swift; path = LeagueVC.swift; sourceTree = "<group>"; };
		DCAF38032AC627A0001F1A9B /* LaunchViewController.swift */ = {isa = PBXFileReference; lastKnownFileType = sourcecode.swift; path = LaunchViewController.swift; sourceTree = "<group>"; };
		DCAF38052AC628DC001F1A9B /* Sports_Animation.json */ = {isa = PBXFileReference; fileEncoding = 4; lastKnownFileType = text.json; path = Sports_Animation.json; sourceTree = "<group>"; };
		E7EE24DD0B5F88A6D337EA1B /* Pods-Sports_App-Sports_AppUITests.debug.xcconfig */ = {isa = PBXFileReference; includeInIndex = 1; lastKnownFileType = text.xcconfig; name = "Pods-Sports_App-Sports_AppUITests.debug.xcconfig"; path = "Target Support Files/Pods-Sports_App-Sports_AppUITests/Pods-Sports_App-Sports_AppUITests.debug.xcconfig"; sourceTree = "<group>"; };
		EE3702A52AC59C8100A88CE6 /* sectionHeader.swift */ = {isa = PBXFileReference; lastKnownFileType = sourcecode.swift; path = sectionHeader.swift; sourceTree = "<group>"; };
		EE4F5139E5618AACEE0373F8 /* Pods-Sports_App.debug.xcconfig */ = {isa = PBXFileReference; includeInIndex = 1; lastKnownFileType = text.xcconfig; name = "Pods-Sports_App.debug.xcconfig"; path = "Target Support Files/Pods-Sports_App/Pods-Sports_App.debug.xcconfig"; sourceTree = "<group>"; };
		EEA8E2FB2AD16E1F001C07CA /* PlayerCollectionViewCell.swift */ = {isa = PBXFileReference; lastKnownFileType = sourcecode.swift; path = PlayerCollectionViewCell.swift; sourceTree = "<group>"; };
		EEA8E2FC2AD16E1F001C07CA /* PlayerCollectionViewCell.xib */ = {isa = PBXFileReference; lastKnownFileType = file.xib; path = PlayerCollectionViewCell.xib; sourceTree = "<group>"; };
		EEA8E2FF2AD19E34001C07CA /* Header.swift */ = {isa = PBXFileReference; lastKnownFileType = sourcecode.swift; path = Header.swift; sourceTree = "<group>"; };
		EEAE14112AC815D9000D267B /* CoreDataManager.swift */ = {isa = PBXFileReference; lastKnownFileType = sourcecode.swift; path = CoreDataManager.swift; sourceTree = "<group>"; };
		EEC2EE102AC552BB00D4154B /* TeamDetailsViewController.swift */ = {isa = PBXFileReference; fileEncoding = 4; lastKnownFileType = sourcecode.swift; path = TeamDetailsViewController.swift; sourceTree = "<group>"; };
		EEC2EE112AC552BB00D4154B /* TeamCollectionViewCell.swift */ = {isa = PBXFileReference; fileEncoding = 4; lastKnownFileType = sourcecode.swift; path = TeamCollectionViewCell.swift; sourceTree = "<group>"; };
		EEC2EE122AC552BB00D4154B /* TeamCollectionViewCell.xib */ = {isa = PBXFileReference; fileEncoding = 4; lastKnownFileType = file.xib; path = TeamCollectionViewCell.xib; sourceTree = "<group>"; };
		EEDE01632AC45076003919C5 /* EventsCollectionCell.swift */ = {isa = PBXFileReference; fileEncoding = 4; lastKnownFileType = sourcecode.swift; path = EventsCollectionCell.swift; sourceTree = "<group>"; };
		EEDE01642AC45076003919C5 /* EventsCollectionCell.xib */ = {isa = PBXFileReference; fileEncoding = 4; lastKnownFileType = file.xib; path = EventsCollectionCell.xib; sourceTree = "<group>"; };
		EEDE01652AC45076003919C5 /* TheLeaguesDetailsViewController.swift */ = {isa = PBXFileReference; fileEncoding = 4; lastKnownFileType = sourcecode.swift; path = TheLeaguesDetailsViewController.swift; sourceTree = "<group>"; };
		EEDE01692AC457BF003919C5 /* LatestEventsCollectionViewCell.swift */ = {isa = PBXFileReference; lastKnownFileType = sourcecode.swift; path = LatestEventsCollectionViewCell.swift; sourceTree = "<group>"; };
		EEDE016A2AC457BF003919C5 /* LatestEventsCollectionViewCell.xib */ = {isa = PBXFileReference; lastKnownFileType = file.xib; path = LatestEventsCollectionViewCell.xib; sourceTree = "<group>"; };
/* End PBXFileReference section */

/* Begin PBXFrameworksBuildPhase section */
		5B9AD4702AC3E65400F2487A /* Frameworks */ = {
			isa = PBXFrameworksBuildPhase;
			buildActionMask = 2147483647;
			files = (
				6A059A0BED206E3C6FD30DE8 /* Pods_Sports_App.framework in Frameworks */,
			);
			runOnlyForDeploymentPostprocessing = 0;
		};
		5B9AD4892AC3E65700F2487A /* Frameworks */ = {
			isa = PBXFrameworksBuildPhase;
			buildActionMask = 2147483647;
			files = (
				B6BE7E5B6FAF24E9BAC7EDE5 /* Pods_Sports_AppTests.framework in Frameworks */,
			);
			runOnlyForDeploymentPostprocessing = 0;
		};
		5B9AD4932AC3E65700F2487A /* Frameworks */ = {
			isa = PBXFrameworksBuildPhase;
			buildActionMask = 2147483647;
			files = (
				8B99E234A2EC1C3FD2F0A4CE /* Pods_Sports_App_Sports_AppUITests.framework in Frameworks */,
			);
			runOnlyForDeploymentPostprocessing = 0;
		};
/* End PBXFrameworksBuildPhase section */

/* Begin PBXGroup section */
		5B7991D52ACB133F0062C340 /* Protocols */ = {
			isa = PBXGroup;
			children = (
				5B7991DB2ACB13CA0062C340 /* NetworkProtocol.swift */,
				5BC8228D2AD328F5003B2231 /* CoreDataProtocol.swift */,
			);
			path = Protocols;
			sourceTree = "<group>";
		};
		5B7991D62ACB134E0062C340 /* Services */ = {
			isa = PBXGroup;
			children = (
				5B7991D82ACB13680062C340 /* Storing */,
				5B7991D72ACB135C0062C340 /* Networking */,
			);
			path = Services;
			sourceTree = "<group>";
		};
		5B7991D72ACB135C0062C340 /* Networking */ = {
			isa = PBXGroup;
			children = (
				5B7991D92ACB13940062C340 /* NetworkManager.swift */,
			);
			path = Networking;
			sourceTree = "<group>";
		};
		5B7991D82ACB13680062C340 /* Storing */ = {
			isa = PBXGroup;
			children = (
				EEAE14112AC815D9000D267B /* CoreDataManager.swift */,
			);
			path = Storing;
			sourceTree = "<group>";
		};
		5B9AD46A2AC3E65400F2487A = {
			isa = PBXGroup;
			children = (
				5B9AD4752AC3E65400F2487A /* Sports_App */,
				5B9AD48F2AC3E65700F2487A /* Sports_AppTests */,
				5B9AD4992AC3E65700F2487A /* Sports_AppUITests */,
				5B9AD4742AC3E65400F2487A /* Products */,
				F4F624ED77B8547EA6B5DCDA /* Pods */,
				6B6FE0C3B94A5D6C9AD1F4E2 /* Frameworks */,
			);
			sourceTree = "<group>";
		};
		5B9AD4742AC3E65400F2487A /* Products */ = {
			isa = PBXGroup;
			children = (
				5B9AD4732AC3E65400F2487A /* Sports_App.app */,
				5B9AD48C2AC3E65700F2487A /* Sports_AppTests.xctest */,
				5B9AD4962AC3E65700F2487A /* Sports_AppUITests.xctest */,
			);
			name = Products;
			sourceTree = "<group>";
		};
		5B9AD4752AC3E65400F2487A /* Sports_App */ = {
			isa = PBXGroup;
			children = (
				5BC8228F2AD3292E003B2231 /* Utility */,
				5BC8228C2AD32892003B2231 /* ViewModel */,
				5BC8228B2AD32887003B2231 /* View */,
				5BC822892AD327AA003B2231 /* Model */,
				5B7991D62ACB134E0062C340 /* Services */,
				5B7991D52ACB133F0062C340 /* Protocols */,
				5B9AD4822AC3E65700F2487A /* Assets.xcassets */,
				5B9AD4872AC3E65700F2487A /* Info.plist */,
				5B9AD47F2AC3E65400F2487A /* Sports_App.xcdatamodeld */,
				EE3702A52AC59C8100A88CE6 /* sectionHeader.swift */,
				EEA8E2FF2AD19E34001C07CA /* Header.swift */,
			);
			path = Sports_App;
			sourceTree = "<group>";
		};
		5B9AD48F2AC3E65700F2487A /* Sports_AppTests */ = {
			isa = PBXGroup;
			children = (
				5B9AD4902AC3E65700F2487A /* Sports_AppTests.swift */,
			);
			path = Sports_AppTests;
			sourceTree = "<group>";
		};
		5B9AD4992AC3E65700F2487A /* Sports_AppUITests */ = {
			isa = PBXGroup;
			children = (
				5B9AD49A2AC3E65700F2487A /* Sports_AppUITests.swift */,
				5B9AD49C2AC3E65700F2487A /* Sports_AppUITestsLaunchTests.swift */,
			);
			path = Sports_AppUITests;
			sourceTree = "<group>";
		};
		5BC822892AD327AA003B2231 /* Model */ = {
			isa = PBXGroup;
			children = (
				5BA7C83D2AC47F19005E8F2B /* SportTypesModel.swift */,
				5B7991DD2ACB1FE40062C340 /* EventsModel.swift */,
				DC4852CC2ACB80610016791F /* LeagueModel.swift */,
				DC4852D02ACB87D50016791F /* TeamModel.swift */,
			);
			path = Model;
			sourceTree = "<group>";
		};
		5BC8228B2AD32887003B2231 /* View */ = {
			isa = PBXGroup;
			children = (
				5BC822962AD32D4B003B2231 /* FavouritesVC */,
				5BC822952AD32CDC003B2231 /* LaunchVC */,
				5BC822932AD32C11003B2231 /* TeamDetails */,
				5BC822922AD32ADB003B2231 /* LeagueDetails */,
				5BC822912AD32A70003B2231 /* LeagueVC */,
				5BC822902AD32989003B2231 /* HomeScreenVC */,
				5B9AD47C2AC3E65400F2487A /* Main.storyboard */,
				5B9AD4842AC3E65700F2487A /* LaunchScreen.storyboard */,
			);
			path = View;
			sourceTree = "<group>";
		};
		5BC8228C2AD32892003B2231 /* ViewModel */ = {
			isa = PBXGroup;
			children = (
				5BC8229A2AD3455E003B2231 /* LeagueDetailsViewModel */,
				5BC822972AD32EE6003B2231 /* LeagueViewModel */,
			);
			path = ViewModel;
			sourceTree = "<group>";
		};
		5BC8228F2AD3292E003B2231 /* Utility */ = {
			isa = PBXGroup;
			children = (
				5B9AD47A2AC3E65400F2487A /* ViewController.swift */,
				DCAF38052AC628DC001F1A9B /* Sports_Animation.json */,
				5B9AD4762AC3E65400F2487A /* AppDelegate.swift */,
				5B9AD4782AC3E65400F2487A /* SceneDelegate.swift */,
			);
			path = Utility;
			sourceTree = "<group>";
		};
		5BC822902AD32989003B2231 /* HomeScreenVC */ = {
			isa = PBXGroup;
			children = (
				5B6D418F2AC3F4430045E4FF /* CustomCollectionViewCell.xib */,
				5B6D418E2AC3F4430045E4FF /* CustomCollectionViewCell.swift */,
				5B6D41922AC3F6800045E4FF /* SportsHomeScreen.swift */,
			);
			path = HomeScreenVC;
			sourceTree = "<group>";
		};
		5BC822912AD32A70003B2231 /* LeagueVC */ = {
			isa = PBXGroup;
			children = (
				DC8FC0972AC4D60300CFCFBA /* LeagueCell.xib */,
				DC8FC09A2AC4D91D00CFCFBA /* LeagueVC.swift */,
				DC8FC0962AC4D60300CFCFBA /* LeagueCell.swift */,
			);
			path = LeagueVC;
			sourceTree = "<group>";
		};
		5BC822922AD32ADB003B2231 /* LeagueDetails */ = {
			isa = PBXGroup;
			children = (
				EEDE01632AC45076003919C5 /* EventsCollectionCell.swift */,
				EEDE01692AC457BF003919C5 /* LatestEventsCollectionViewCell.swift */,
				EEDE01642AC45076003919C5 /* EventsCollectionCell.xib */,
				EEDE016A2AC457BF003919C5 /* LatestEventsCollectionViewCell.xib */,
				EEDE01652AC45076003919C5 /* TheLeaguesDetailsViewController.swift */,
			);
			path = LeagueDetails;
			sourceTree = "<group>";
		};
		5BC822932AD32C11003B2231 /* TeamDetails */ = {
			isa = PBXGroup;
			children = (
				EEA8E2FC2AD16E1F001C07CA /* PlayerCollectionViewCell.xib */,
				EEA8E2FB2AD16E1F001C07CA /* PlayerCollectionViewCell.swift */,
				EEC2EE122AC552BB00D4154B /* TeamCollectionViewCell.xib */,
				EEC2EE112AC552BB00D4154B /* TeamCollectionViewCell.swift */,
				EEC2EE102AC552BB00D4154B /* TeamDetailsViewController.swift */,
			);
			path = TeamDetails;
			sourceTree = "<group>";
		};
		5BC822952AD32CDC003B2231 /* LaunchVC */ = {
			isa = PBXGroup;
			children = (
				DCAF38032AC627A0001F1A9B /* LaunchViewController.swift */,
				DC4852A22AC71F1C0016791F /* TabBC.swift */,
			);
			path = LaunchVC;
			sourceTree = "<group>";
		};
		5BC822962AD32D4B003B2231 /* FavouritesVC */ = {
			isa = PBXGroup;
			children = (
				5B048BDC2AC56C61008A78E5 /* FavouritesScreen.swift */,
			);
			path = FavouritesVC;
			sourceTree = "<group>";
		};
		5BC822972AD32EE6003B2231 /* LeagueViewModel */ = {
			isa = PBXGroup;
			children = (
				5BC822982AD32F1C003B2231 /* LeagueViewModel.swift */,
			);
			path = LeagueViewModel;
			sourceTree = "<group>";
		};
		5BC8229A2AD3455E003B2231 /* LeagueDetailsViewModel */ = {
			isa = PBXGroup;
			children = (
				5BC8229B2AD34575003B2231 /* LeagueDetailsViewModel.swift */,
			);
			path = LeagueDetailsViewModel;
			sourceTree = "<group>";
		};
		6B6FE0C3B94A5D6C9AD1F4E2 /* Frameworks */ = {
			isa = PBXGroup;
			children = (
				9724F82AFFB7CA22F7E5DE63 /* Pods_Sports_App.framework */,
				8E42D6E9D9FF65E783CE9ABD /* Pods_Sports_App_Sports_AppUITests.framework */,
				5E591A706654DA3B4DB61782 /* Pods_Sports_AppTests.framework */,
			);
			name = Frameworks;
			sourceTree = "<group>";
		};
		F4F624ED77B8547EA6B5DCDA /* Pods */ = {
			isa = PBXGroup;
			children = (
				EE4F5139E5618AACEE0373F8 /* Pods-Sports_App.debug.xcconfig */,
				3C4E161F934B8BD57F390CBD /* Pods-Sports_App.release.xcconfig */,
				E7EE24DD0B5F88A6D337EA1B /* Pods-Sports_App-Sports_AppUITests.debug.xcconfig */,
				7CF0F0E58C4ABE6C7B5E2202 /* Pods-Sports_App-Sports_AppUITests.release.xcconfig */,
				404000AFD8C57582BE2205D6 /* Pods-Sports_AppTests.debug.xcconfig */,
				AB9262880AED33FC72562294 /* Pods-Sports_AppTests.release.xcconfig */,
			);
			path = Pods;
			sourceTree = "<group>";
		};
/* End PBXGroup section */

/* Begin PBXNativeTarget section */
		5B9AD4722AC3E65400F2487A /* Sports_App */ = {
			isa = PBXNativeTarget;
			buildConfigurationList = 5B9AD4A02AC3E65700F2487A /* Build configuration list for PBXNativeTarget "Sports_App" */;
			buildPhases = (
				E539C0E20586FBB155443ECF /* [CP] Check Pods Manifest.lock */,
				5B9AD46F2AC3E65400F2487A /* Sources */,
				5B9AD4702AC3E65400F2487A /* Frameworks */,
				5B9AD4712AC3E65400F2487A /* Resources */,
				DA9470805E40177F11F20413 /* [CP] Embed Pods Frameworks */,
			);
			buildRules = (
			);
			dependencies = (
			);
			name = Sports_App;
			productName = Sports_App;
			productReference = 5B9AD4732AC3E65400F2487A /* Sports_App.app */;
			productType = "com.apple.product-type.application";
		};
		5B9AD48B2AC3E65700F2487A /* Sports_AppTests */ = {
			isa = PBXNativeTarget;
			buildConfigurationList = 5B9AD4A32AC3E65700F2487A /* Build configuration list for PBXNativeTarget "Sports_AppTests" */;
			buildPhases = (
				B15417E06B6D9AA2BD07CC78 /* [CP] Check Pods Manifest.lock */,
				5B9AD4882AC3E65700F2487A /* Sources */,
				5B9AD4892AC3E65700F2487A /* Frameworks */,
				5B9AD48A2AC3E65700F2487A /* Resources */,
			);
			buildRules = (
			);
			dependencies = (
				5B9AD48E2AC3E65700F2487A /* PBXTargetDependency */,
			);
			name = Sports_AppTests;
			productName = Sports_AppTests;
			productReference = 5B9AD48C2AC3E65700F2487A /* Sports_AppTests.xctest */;
			productType = "com.apple.product-type.bundle.unit-test";
		};
		5B9AD4952AC3E65700F2487A /* Sports_AppUITests */ = {
			isa = PBXNativeTarget;
			buildConfigurationList = 5B9AD4A62AC3E65700F2487A /* Build configuration list for PBXNativeTarget "Sports_AppUITests" */;
			buildPhases = (
				F0A3161465DE884E8BF51E92 /* [CP] Check Pods Manifest.lock */,
				5B9AD4922AC3E65700F2487A /* Sources */,
				5B9AD4932AC3E65700F2487A /* Frameworks */,
				5B9AD4942AC3E65700F2487A /* Resources */,
				1A6008274A80508CC6454FD8 /* [CP] Embed Pods Frameworks */,
			);
			buildRules = (
			);
			dependencies = (
				5B9AD4982AC3E65700F2487A /* PBXTargetDependency */,
			);
			name = Sports_AppUITests;
			productName = Sports_AppUITests;
			productReference = 5B9AD4962AC3E65700F2487A /* Sports_AppUITests.xctest */;
			productType = "com.apple.product-type.bundle.ui-testing";
		};
/* End PBXNativeTarget section */

/* Begin PBXProject section */
		5B9AD46B2AC3E65400F2487A /* Project object */ = {
			isa = PBXProject;
			attributes = {
				BuildIndependentTargetsInParallel = 1;
				LastSwiftUpdateCheck = 1400;
				LastUpgradeCheck = 1400;
				TargetAttributes = {
					5B9AD4722AC3E65400F2487A = {
						CreatedOnToolsVersion = 14.0.1;
					};
					5B9AD48B2AC3E65700F2487A = {
						CreatedOnToolsVersion = 14.0.1;
						TestTargetID = 5B9AD4722AC3E65400F2487A;
					};
					5B9AD4952AC3E65700F2487A = {
						CreatedOnToolsVersion = 14.0.1;
						TestTargetID = 5B9AD4722AC3E65400F2487A;
					};
				};
			};
			buildConfigurationList = 5B9AD46E2AC3E65400F2487A /* Build configuration list for PBXProject "Sports_App" */;
			compatibilityVersion = "Xcode 14.0";
			developmentRegion = en;
			hasScannedForEncodings = 0;
			knownRegions = (
				en,
				Base,
			);
			mainGroup = 5B9AD46A2AC3E65400F2487A;
			productRefGroup = 5B9AD4742AC3E65400F2487A /* Products */;
			projectDirPath = "";
			projectRoot = "";
			targets = (
				5B9AD4722AC3E65400F2487A /* Sports_App */,
				5B9AD48B2AC3E65700F2487A /* Sports_AppTests */,
				5B9AD4952AC3E65700F2487A /* Sports_AppUITests */,
			);
		};
/* End PBXProject section */

/* Begin PBXResourcesBuildPhase section */
		5B9AD4712AC3E65400F2487A /* Resources */ = {
			isa = PBXResourcesBuildPhase;
			buildActionMask = 2147483647;
			files = (
				5B9AD4862AC3E65700F2487A /* LaunchScreen.storyboard in Resources */,
				EEA8E2FE2AD16E1F001C07CA /* PlayerCollectionViewCell.xib in Resources */,
				EEC2EE152AC552BC00D4154B /* TeamCollectionViewCell.xib in Resources */,
				5B9AD4832AC3E65700F2487A /* Assets.xcassets in Resources */,
				DC8FC0992AC4D60300CFCFBA /* LeagueCell.xib in Resources */,
				EEDE016C2AC457BF003919C5 /* LatestEventsCollectionViewCell.xib in Resources */,
				DCAF38062AC628DC001F1A9B /* Sports_Animation.json in Resources */,
				5B9AD47E2AC3E65400F2487A /* Main.storyboard in Resources */,
				EEDE01672AC45076003919C5 /* EventsCollectionCell.xib in Resources */,
				5B6D41912AC3F4430045E4FF /* CustomCollectionViewCell.xib in Resources */,
			);
			runOnlyForDeploymentPostprocessing = 0;
		};
		5B9AD48A2AC3E65700F2487A /* Resources */ = {
			isa = PBXResourcesBuildPhase;
			buildActionMask = 2147483647;
			files = (
			);
			runOnlyForDeploymentPostprocessing = 0;
		};
		5B9AD4942AC3E65700F2487A /* Resources */ = {
			isa = PBXResourcesBuildPhase;
			buildActionMask = 2147483647;
			files = (
			);
			runOnlyForDeploymentPostprocessing = 0;
		};
/* End PBXResourcesBuildPhase section */

/* Begin PBXShellScriptBuildPhase section */
		1A6008274A80508CC6454FD8 /* [CP] Embed Pods Frameworks */ = {
			isa = PBXShellScriptBuildPhase;
			buildActionMask = 2147483647;
			files = (
			);
			inputFileListPaths = (
				"${PODS_ROOT}/Target Support Files/Pods-Sports_App-Sports_AppUITests/Pods-Sports_App-Sports_AppUITests-frameworks-${CONFIGURATION}-input-files.xcfilelist",
			);
			name = "[CP] Embed Pods Frameworks";
			outputFileListPaths = (
				"${PODS_ROOT}/Target Support Files/Pods-Sports_App-Sports_AppUITests/Pods-Sports_App-Sports_AppUITests-frameworks-${CONFIGURATION}-output-files.xcfilelist",
			);
			runOnlyForDeploymentPostprocessing = 0;
			shellPath = /bin/sh;
			shellScript = "\"${PODS_ROOT}/Target Support Files/Pods-Sports_App-Sports_AppUITests/Pods-Sports_App-Sports_AppUITests-frameworks.sh\"\n";
			showEnvVarsInLog = 0;
		};
		B15417E06B6D9AA2BD07CC78 /* [CP] Check Pods Manifest.lock */ = {
			isa = PBXShellScriptBuildPhase;
			buildActionMask = 2147483647;
			files = (
			);
			inputFileListPaths = (
			);
			inputPaths = (
				"${PODS_PODFILE_DIR_PATH}/Podfile.lock",
				"${PODS_ROOT}/Manifest.lock",
			);
			name = "[CP] Check Pods Manifest.lock";
			outputFileListPaths = (
			);
			outputPaths = (
				"$(DERIVED_FILE_DIR)/Pods-Sports_AppTests-checkManifestLockResult.txt",
			);
			runOnlyForDeploymentPostprocessing = 0;
			shellPath = /bin/sh;
			shellScript = "diff \"${PODS_PODFILE_DIR_PATH}/Podfile.lock\" \"${PODS_ROOT}/Manifest.lock\" > /dev/null\nif [ $? != 0 ] ; then\n    # print error to STDERR\n    echo \"error: The sandbox is not in sync with the Podfile.lock. Run 'pod install' or update your CocoaPods installation.\" >&2\n    exit 1\nfi\n# This output is used by Xcode 'outputs' to avoid re-running this script phase.\necho \"SUCCESS\" > \"${SCRIPT_OUTPUT_FILE_0}\"\n";
			showEnvVarsInLog = 0;
		};
		DA9470805E40177F11F20413 /* [CP] Embed Pods Frameworks */ = {
			isa = PBXShellScriptBuildPhase;
			buildActionMask = 2147483647;
			files = (
			);
			inputFileListPaths = (
				"${PODS_ROOT}/Target Support Files/Pods-Sports_App/Pods-Sports_App-frameworks-${CONFIGURATION}-input-files.xcfilelist",
			);
			name = "[CP] Embed Pods Frameworks";
			outputFileListPaths = (
				"${PODS_ROOT}/Target Support Files/Pods-Sports_App/Pods-Sports_App-frameworks-${CONFIGURATION}-output-files.xcfilelist",
			);
			runOnlyForDeploymentPostprocessing = 0;
			shellPath = /bin/sh;
			shellScript = "\"${PODS_ROOT}/Target Support Files/Pods-Sports_App/Pods-Sports_App-frameworks.sh\"\n";
			showEnvVarsInLog = 0;
		};
		E539C0E20586FBB155443ECF /* [CP] Check Pods Manifest.lock */ = {
			isa = PBXShellScriptBuildPhase;
			buildActionMask = 2147483647;
			files = (
			);
			inputFileListPaths = (
			);
			inputPaths = (
				"${PODS_PODFILE_DIR_PATH}/Podfile.lock",
				"${PODS_ROOT}/Manifest.lock",
			);
			name = "[CP] Check Pods Manifest.lock";
			outputFileListPaths = (
			);
			outputPaths = (
				"$(DERIVED_FILE_DIR)/Pods-Sports_App-checkManifestLockResult.txt",
			);
			runOnlyForDeploymentPostprocessing = 0;
			shellPath = /bin/sh;
			shellScript = "diff \"${PODS_PODFILE_DIR_PATH}/Podfile.lock\" \"${PODS_ROOT}/Manifest.lock\" > /dev/null\nif [ $? != 0 ] ; then\n    # print error to STDERR\n    echo \"error: The sandbox is not in sync with the Podfile.lock. Run 'pod install' or update your CocoaPods installation.\" >&2\n    exit 1\nfi\n# This output is used by Xcode 'outputs' to avoid re-running this script phase.\necho \"SUCCESS\" > \"${SCRIPT_OUTPUT_FILE_0}\"\n";
			showEnvVarsInLog = 0;
		};
		F0A3161465DE884E8BF51E92 /* [CP] Check Pods Manifest.lock */ = {
			isa = PBXShellScriptBuildPhase;
			buildActionMask = 2147483647;
			files = (
			);
			inputFileListPaths = (
			);
			inputPaths = (
				"${PODS_PODFILE_DIR_PATH}/Podfile.lock",
				"${PODS_ROOT}/Manifest.lock",
			);
			name = "[CP] Check Pods Manifest.lock";
			outputFileListPaths = (
			);
			outputPaths = (
				"$(DERIVED_FILE_DIR)/Pods-Sports_App-Sports_AppUITests-checkManifestLockResult.txt",
			);
			runOnlyForDeploymentPostprocessing = 0;
			shellPath = /bin/sh;
			shellScript = "diff \"${PODS_PODFILE_DIR_PATH}/Podfile.lock\" \"${PODS_ROOT}/Manifest.lock\" > /dev/null\nif [ $? != 0 ] ; then\n    # print error to STDERR\n    echo \"error: The sandbox is not in sync with the Podfile.lock. Run 'pod install' or update your CocoaPods installation.\" >&2\n    exit 1\nfi\n# This output is used by Xcode 'outputs' to avoid re-running this script phase.\necho \"SUCCESS\" > \"${SCRIPT_OUTPUT_FILE_0}\"\n";
			showEnvVarsInLog = 0;
		};
/* End PBXShellScriptBuildPhase section */

/* Begin PBXSourcesBuildPhase section */
		5B9AD46F2AC3E65400F2487A /* Sources */ = {
			isa = PBXSourcesBuildPhase;
			buildActionMask = 2147483647;
			files = (
				5B9AD47B2AC3E65400F2487A /* ViewController.swift in Sources */,
				DC4852CD2ACB80610016791F /* LeagueModel.swift in Sources */,
				DC4852D12ACB87D50016791F /* TeamModel.swift in Sources */,
				DCAF38042AC627A0001F1A9B /* LaunchViewController.swift in Sources */,
				5B6D41902AC3F4430045E4FF /* CustomCollectionViewCell.swift in Sources */,
				EEAE14122AC815D9000D267B /* CoreDataManager.swift in Sources */,
				EEC2EE132AC552BC00D4154B /* TeamDetailsViewController.swift in Sources */,
				DC8FC0982AC4D60300CFCFBA /* LeagueCell.swift in Sources */,
				EEDE01662AC45076003919C5 /* EventsCollectionCell.swift in Sources */,
				EEA8E2FD2AD16E1F001C07CA /* PlayerCollectionViewCell.swift in Sources */,
				5B9AD4772AC3E65400F2487A /* AppDelegate.swift in Sources */,
				5BC822992AD32F1C003B2231 /* LeagueViewModel.swift in Sources */,
				DC8FC09B2AC4D91D00CFCFBA /* LeagueVC.swift in Sources */,
				5B048BDD2AC56C61008A78E5 /* FavouritesScreen.swift in Sources */,
				5BC8228E2AD328F5003B2231 /* CoreDataProtocol.swift in Sources */,
				5BC8229C2AD34575003B2231 /* LeagueDetailsViewModel.swift in Sources */,
				5BA7C83E2AC47F19005E8F2B /* SportTypesModel.swift in Sources */,
				EEA8E3002AD19E34001C07CA /* Header.swift in Sources */,
				EEDE01682AC45076003919C5 /* TheLeaguesDetailsViewController.swift in Sources */,
				5B7991DA2ACB13940062C340 /* NetworkManager.swift in Sources */,
				EEDE016B2AC457BF003919C5 /* LatestEventsCollectionViewCell.swift in Sources */,
				5B7991DE2ACB1FE40062C340 /* EventsModel.swift in Sources */,
				DC4852A32AC71F1C0016791F /* TabBC.swift in Sources */,
				5B9AD4812AC3E65400F2487A /* Sports_App.xcdatamodeld in Sources */,
				EE3702A62AC59C8100A88CE6 /* sectionHeader.swift in Sources */,
				5B7991DC2ACB13CA0062C340 /* NetworkProtocol.swift in Sources */,
				5B9AD4792AC3E65400F2487A /* SceneDelegate.swift in Sources */,
				5B6D41932AC3F6800045E4FF /* SportsHomeScreen.swift in Sources */,
				EEC2EE142AC552BC00D4154B /* TeamCollectionViewCell.swift in Sources */,
			);
			runOnlyForDeploymentPostprocessing = 0;
		};
		5B9AD4882AC3E65700F2487A /* Sources */ = {
			isa = PBXSourcesBuildPhase;
			buildActionMask = 2147483647;
			files = (
				5B9AD4912AC3E65700F2487A /* Sports_AppTests.swift in Sources */,
			);
			runOnlyForDeploymentPostprocessing = 0;
		};
		5B9AD4922AC3E65700F2487A /* Sources */ = {
			isa = PBXSourcesBuildPhase;
			buildActionMask = 2147483647;
			files = (
				5B9AD49B2AC3E65700F2487A /* Sports_AppUITests.swift in Sources */,
				5B9AD49D2AC3E65700F2487A /* Sports_AppUITestsLaunchTests.swift in Sources */,
			);
			runOnlyForDeploymentPostprocessing = 0;
		};
/* End PBXSourcesBuildPhase section */

/* Begin PBXTargetDependency section */
		5B9AD48E2AC3E65700F2487A /* PBXTargetDependency */ = {
			isa = PBXTargetDependency;
			target = 5B9AD4722AC3E65400F2487A /* Sports_App */;
			targetProxy = 5B9AD48D2AC3E65700F2487A /* PBXContainerItemProxy */;
		};
		5B9AD4982AC3E65700F2487A /* PBXTargetDependency */ = {
			isa = PBXTargetDependency;
			target = 5B9AD4722AC3E65400F2487A /* Sports_App */;
			targetProxy = 5B9AD4972AC3E65700F2487A /* PBXContainerItemProxy */;
		};
/* End PBXTargetDependency section */

/* Begin PBXVariantGroup section */
		5B9AD47C2AC3E65400F2487A /* Main.storyboard */ = {
			isa = PBXVariantGroup;
			children = (
				5B9AD47D2AC3E65400F2487A /* Base */,
			);
			name = Main.storyboard;
			sourceTree = "<group>";
		};
		5B9AD4842AC3E65700F2487A /* LaunchScreen.storyboard */ = {
			isa = PBXVariantGroup;
			children = (
				5B9AD4852AC3E65700F2487A /* Base */,
			);
			name = LaunchScreen.storyboard;
			sourceTree = "<group>";
		};
/* End PBXVariantGroup section */

/* Begin XCBuildConfiguration section */
		5B9AD49E2AC3E65700F2487A /* Debug */ = {
			isa = XCBuildConfiguration;
			buildSettings = {
				ALWAYS_SEARCH_USER_PATHS = NO;
				CLANG_ANALYZER_NONNULL = YES;
				CLANG_ANALYZER_NUMBER_OBJECT_CONVERSION = YES_AGGRESSIVE;
				CLANG_CXX_LANGUAGE_STANDARD = "gnu++20";
				CLANG_ENABLE_MODULES = YES;
				CLANG_ENABLE_OBJC_ARC = YES;
				CLANG_ENABLE_OBJC_WEAK = YES;
				CLANG_WARN_BLOCK_CAPTURE_AUTORELEASING = YES;
				CLANG_WARN_BOOL_CONVERSION = YES;
				CLANG_WARN_COMMA = YES;
				CLANG_WARN_CONSTANT_CONVERSION = YES;
				CLANG_WARN_DEPRECATED_OBJC_IMPLEMENTATIONS = YES;
				CLANG_WARN_DIRECT_OBJC_ISA_USAGE = YES_ERROR;
				CLANG_WARN_DOCUMENTATION_COMMENTS = YES;
				CLANG_WARN_EMPTY_BODY = YES;
				CLANG_WARN_ENUM_CONVERSION = YES;
				CLANG_WARN_INFINITE_RECURSION = YES;
				CLANG_WARN_INT_CONVERSION = YES;
				CLANG_WARN_NON_LITERAL_NULL_CONVERSION = YES;
				CLANG_WARN_OBJC_IMPLICIT_RETAIN_SELF = YES;
				CLANG_WARN_OBJC_LITERAL_CONVERSION = YES;
				CLANG_WARN_OBJC_ROOT_CLASS = YES_ERROR;
				CLANG_WARN_QUOTED_INCLUDE_IN_FRAMEWORK_HEADER = YES;
				CLANG_WARN_RANGE_LOOP_ANALYSIS = YES;
				CLANG_WARN_STRICT_PROTOTYPES = YES;
				CLANG_WARN_SUSPICIOUS_MOVE = YES;
				CLANG_WARN_UNGUARDED_AVAILABILITY = YES_AGGRESSIVE;
				CLANG_WARN_UNREACHABLE_CODE = YES;
				CLANG_WARN__DUPLICATE_METHOD_MATCH = YES;
				COPY_PHASE_STRIP = NO;
				DEBUG_INFORMATION_FORMAT = dwarf;
				ENABLE_STRICT_OBJC_MSGSEND = YES;
				ENABLE_TESTABILITY = YES;
				GCC_C_LANGUAGE_STANDARD = gnu11;
				GCC_DYNAMIC_NO_PIC = NO;
				GCC_NO_COMMON_BLOCKS = YES;
				GCC_OPTIMIZATION_LEVEL = 0;
				GCC_PREPROCESSOR_DEFINITIONS = (
					"DEBUG=1",
					"$(inherited)",
				);
				GCC_WARN_64_TO_32_BIT_CONVERSION = YES;
				GCC_WARN_ABOUT_RETURN_TYPE = YES_ERROR;
				GCC_WARN_UNDECLARED_SELECTOR = YES;
				GCC_WARN_UNINITIALIZED_AUTOS = YES_AGGRESSIVE;
				GCC_WARN_UNUSED_FUNCTION = YES;
				GCC_WARN_UNUSED_VARIABLE = YES;
				IPHONEOS_DEPLOYMENT_TARGET = 16.0;
				MTL_ENABLE_DEBUG_INFO = INCLUDE_SOURCE;
				MTL_FAST_MATH = YES;
				ONLY_ACTIVE_ARCH = YES;
				SDKROOT = iphoneos;
				SWIFT_ACTIVE_COMPILATION_CONDITIONS = DEBUG;
				SWIFT_OPTIMIZATION_LEVEL = "-Onone";
			};
			name = Debug;
		};
		5B9AD49F2AC3E65700F2487A /* Release */ = {
			isa = XCBuildConfiguration;
			buildSettings = {
				ALWAYS_SEARCH_USER_PATHS = NO;
				CLANG_ANALYZER_NONNULL = YES;
				CLANG_ANALYZER_NUMBER_OBJECT_CONVERSION = YES_AGGRESSIVE;
				CLANG_CXX_LANGUAGE_STANDARD = "gnu++20";
				CLANG_ENABLE_MODULES = YES;
				CLANG_ENABLE_OBJC_ARC = YES;
				CLANG_ENABLE_OBJC_WEAK = YES;
				CLANG_WARN_BLOCK_CAPTURE_AUTORELEASING = YES;
				CLANG_WARN_BOOL_CONVERSION = YES;
				CLANG_WARN_COMMA = YES;
				CLANG_WARN_CONSTANT_CONVERSION = YES;
				CLANG_WARN_DEPRECATED_OBJC_IMPLEMENTATIONS = YES;
				CLANG_WARN_DIRECT_OBJC_ISA_USAGE = YES_ERROR;
				CLANG_WARN_DOCUMENTATION_COMMENTS = YES;
				CLANG_WARN_EMPTY_BODY = YES;
				CLANG_WARN_ENUM_CONVERSION = YES;
				CLANG_WARN_INFINITE_RECURSION = YES;
				CLANG_WARN_INT_CONVERSION = YES;
				CLANG_WARN_NON_LITERAL_NULL_CONVERSION = YES;
				CLANG_WARN_OBJC_IMPLICIT_RETAIN_SELF = YES;
				CLANG_WARN_OBJC_LITERAL_CONVERSION = YES;
				CLANG_WARN_OBJC_ROOT_CLASS = YES_ERROR;
				CLANG_WARN_QUOTED_INCLUDE_IN_FRAMEWORK_HEADER = YES;
				CLANG_WARN_RANGE_LOOP_ANALYSIS = YES;
				CLANG_WARN_STRICT_PROTOTYPES = YES;
				CLANG_WARN_SUSPICIOUS_MOVE = YES;
				CLANG_WARN_UNGUARDED_AVAILABILITY = YES_AGGRESSIVE;
				CLANG_WARN_UNREACHABLE_CODE = YES;
				CLANG_WARN__DUPLICATE_METHOD_MATCH = YES;
				COPY_PHASE_STRIP = NO;
				DEBUG_INFORMATION_FORMAT = "dwarf-with-dsym";
				ENABLE_NS_ASSERTIONS = NO;
				ENABLE_STRICT_OBJC_MSGSEND = YES;
				GCC_C_LANGUAGE_STANDARD = gnu11;
				GCC_NO_COMMON_BLOCKS = YES;
				GCC_WARN_64_TO_32_BIT_CONVERSION = YES;
				GCC_WARN_ABOUT_RETURN_TYPE = YES_ERROR;
				GCC_WARN_UNDECLARED_SELECTOR = YES;
				GCC_WARN_UNINITIALIZED_AUTOS = YES_AGGRESSIVE;
				GCC_WARN_UNUSED_FUNCTION = YES;
				GCC_WARN_UNUSED_VARIABLE = YES;
				IPHONEOS_DEPLOYMENT_TARGET = 16.0;
				MTL_ENABLE_DEBUG_INFO = NO;
				MTL_FAST_MATH = YES;
				SDKROOT = iphoneos;
				SWIFT_COMPILATION_MODE = wholemodule;
				SWIFT_OPTIMIZATION_LEVEL = "-O";
				VALIDATE_PRODUCT = YES;
			};
			name = Release;
		};
		5B9AD4A12AC3E65700F2487A /* Debug */ = {
			isa = XCBuildConfiguration;
			baseConfigurationReference = EE4F5139E5618AACEE0373F8 /* Pods-Sports_App.debug.xcconfig */;
			buildSettings = {
				ASSETCATALOG_COMPILER_APPICON_NAME = AppIcon;
				ASSETCATALOG_COMPILER_GLOBAL_ACCENT_COLOR_NAME = AccentColor;
				CODE_SIGN_STYLE = Automatic;
				CURRENT_PROJECT_VERSION = 1;
				DEVELOPMENT_TEAM = 3697FQMS8B;
				GENERATE_INFOPLIST_FILE = YES;
				INFOPLIST_FILE = Sports_App/Info.plist;
				INFOPLIST_KEY_UIApplicationSupportsIndirectInputEvents = YES;
				INFOPLIST_KEY_UILaunchStoryboardName = LaunchScreen;
				INFOPLIST_KEY_UIMainStoryboardFile = Main;
				INFOPLIST_KEY_UISupportedInterfaceOrientations_iPad = "UIInterfaceOrientationPortrait UIInterfaceOrientationPortraitUpsideDown UIInterfaceOrientationLandscapeLeft UIInterfaceOrientationLandscapeRight";
				INFOPLIST_KEY_UISupportedInterfaceOrientations_iPhone = "UIInterfaceOrientationPortrait UIInterfaceOrientationLandscapeLeft UIInterfaceOrientationLandscapeRight";
				LD_RUNPATH_SEARCH_PATHS = (
					"$(inherited)",
					"@executable_path/Frameworks",
				);
				MARKETING_VERSION = 1.0;
				PRODUCT_BUNDLE_IDENTIFIER = "com.ashraf.Sports-App";
				PRODUCT_NAME = "$(TARGET_NAME)";
				SWIFT_EMIT_LOC_STRINGS = YES;
				SWIFT_VERSION = 5.0;
				TARGETED_DEVICE_FAMILY = "1,2";
			};
			name = Debug;
		};
		5B9AD4A22AC3E65700F2487A /* Release */ = {
			isa = XCBuildConfiguration;
			baseConfigurationReference = 3C4E161F934B8BD57F390CBD /* Pods-Sports_App.release.xcconfig */;
			buildSettings = {
				ASSETCATALOG_COMPILER_APPICON_NAME = AppIcon;
				ASSETCATALOG_COMPILER_GLOBAL_ACCENT_COLOR_NAME = AccentColor;
				CODE_SIGN_STYLE = Automatic;
				CURRENT_PROJECT_VERSION = 1;
				DEVELOPMENT_TEAM = 3697FQMS8B;
				GENERATE_INFOPLIST_FILE = YES;
				INFOPLIST_FILE = Sports_App/Info.plist;
				INFOPLIST_KEY_UIApplicationSupportsIndirectInputEvents = YES;
				INFOPLIST_KEY_UILaunchStoryboardName = LaunchScreen;
				INFOPLIST_KEY_UIMainStoryboardFile = Main;
				INFOPLIST_KEY_UISupportedInterfaceOrientations_iPad = "UIInterfaceOrientationPortrait UIInterfaceOrientationPortraitUpsideDown UIInterfaceOrientationLandscapeLeft UIInterfaceOrientationLandscapeRight";
				INFOPLIST_KEY_UISupportedInterfaceOrientations_iPhone = "UIInterfaceOrientationPortrait UIInterfaceOrientationLandscapeLeft UIInterfaceOrientationLandscapeRight";
				LD_RUNPATH_SEARCH_PATHS = (
					"$(inherited)",
					"@executable_path/Frameworks",
				);
				MARKETING_VERSION = 1.0;
				PRODUCT_BUNDLE_IDENTIFIER = "com.ashraf.Sports-App";
				PRODUCT_NAME = "$(TARGET_NAME)";
				SWIFT_EMIT_LOC_STRINGS = YES;
				SWIFT_VERSION = 5.0;
				TARGETED_DEVICE_FAMILY = "1,2";
			};
			name = Release;
		};
		5B9AD4A42AC3E65700F2487A /* Debug */ = {
			isa = XCBuildConfiguration;
			baseConfigurationReference = 404000AFD8C57582BE2205D6 /* Pods-Sports_AppTests.debug.xcconfig */;
			buildSettings = {
				ALWAYS_EMBED_SWIFT_STANDARD_LIBRARIES = YES;
				BUNDLE_LOADER = "$(TEST_HOST)";
				CODE_SIGN_STYLE = Automatic;
				CURRENT_PROJECT_VERSION = 1;
				DEVELOPMENT_TEAM = 3697FQMS8B;
				GENERATE_INFOPLIST_FILE = YES;
				IPHONEOS_DEPLOYMENT_TARGET = 16.0;
				MARKETING_VERSION = 1.0;
				PRODUCT_BUNDLE_IDENTIFIER = "com.ashraf.Sports-AppTests";
				PRODUCT_NAME = "$(TARGET_NAME)";
				SWIFT_EMIT_LOC_STRINGS = NO;
				SWIFT_VERSION = 5.0;
				TARGETED_DEVICE_FAMILY = "1,2";
				TEST_HOST = "$(BUILT_PRODUCTS_DIR)/Sports_App.app/$(BUNDLE_EXECUTABLE_FOLDER_PATH)/Sports_App";
			};
			name = Debug;
		};
		5B9AD4A52AC3E65700F2487A /* Release */ = {
			isa = XCBuildConfiguration;
			baseConfigurationReference = AB9262880AED33FC72562294 /* Pods-Sports_AppTests.release.xcconfig */;
			buildSettings = {
				ALWAYS_EMBED_SWIFT_STANDARD_LIBRARIES = YES;
				BUNDLE_LOADER = "$(TEST_HOST)";
				CODE_SIGN_STYLE = Automatic;
				CURRENT_PROJECT_VERSION = 1;
				DEVELOPMENT_TEAM = 3697FQMS8B;
				GENERATE_INFOPLIST_FILE = YES;
				IPHONEOS_DEPLOYMENT_TARGET = 16.0;
				MARKETING_VERSION = 1.0;
				PRODUCT_BUNDLE_IDENTIFIER = "com.ashraf.Sports-AppTests";
				PRODUCT_NAME = "$(TARGET_NAME)";
				SWIFT_EMIT_LOC_STRINGS = NO;
				SWIFT_VERSION = 5.0;
				TARGETED_DEVICE_FAMILY = "1,2";
				TEST_HOST = "$(BUILT_PRODUCTS_DIR)/Sports_App.app/$(BUNDLE_EXECUTABLE_FOLDER_PATH)/Sports_App";
			};
			name = Release;
		};
		5B9AD4A72AC3E65700F2487A /* Debug */ = {
			isa = XCBuildConfiguration;
			baseConfigurationReference = E7EE24DD0B5F88A6D337EA1B /* Pods-Sports_App-Sports_AppUITests.debug.xcconfig */;
			buildSettings = {
				ALWAYS_EMBED_SWIFT_STANDARD_LIBRARIES = YES;
				CODE_SIGN_STYLE = Automatic;
				CURRENT_PROJECT_VERSION = 1;
				DEVELOPMENT_TEAM = 3697FQMS8B;
				GENERATE_INFOPLIST_FILE = YES;
				MARKETING_VERSION = 1.0;
				PRODUCT_BUNDLE_IDENTIFIER = "com.ashraf.Sports-AppUITests";
				PRODUCT_NAME = "$(TARGET_NAME)";
				SWIFT_EMIT_LOC_STRINGS = NO;
				SWIFT_VERSION = 5.0;
				TARGETED_DEVICE_FAMILY = "1,2";
				TEST_TARGET_NAME = Sports_App;
			};
			name = Debug;
		};
		5B9AD4A82AC3E65700F2487A /* Release */ = {
			isa = XCBuildConfiguration;
			baseConfigurationReference = 7CF0F0E58C4ABE6C7B5E2202 /* Pods-Sports_App-Sports_AppUITests.release.xcconfig */;
			buildSettings = {
				ALWAYS_EMBED_SWIFT_STANDARD_LIBRARIES = YES;
				CODE_SIGN_STYLE = Automatic;
				CURRENT_PROJECT_VERSION = 1;
				DEVELOPMENT_TEAM = 3697FQMS8B;
				GENERATE_INFOPLIST_FILE = YES;
				MARKETING_VERSION = 1.0;
				PRODUCT_BUNDLE_IDENTIFIER = "com.ashraf.Sports-AppUITests";
				PRODUCT_NAME = "$(TARGET_NAME)";
				SWIFT_EMIT_LOC_STRINGS = NO;
				SWIFT_VERSION = 5.0;
				TARGETED_DEVICE_FAMILY = "1,2";
				TEST_TARGET_NAME = Sports_App;
			};
			name = Release;
		};
/* End XCBuildConfiguration section */

/* Begin XCConfigurationList section */
		5B9AD46E2AC3E65400F2487A /* Build configuration list for PBXProject "Sports_App" */ = {
			isa = XCConfigurationList;
			buildConfigurations = (
				5B9AD49E2AC3E65700F2487A /* Debug */,
				5B9AD49F2AC3E65700F2487A /* Release */,
			);
			defaultConfigurationIsVisible = 0;
			defaultConfigurationName = Release;
		};
		5B9AD4A02AC3E65700F2487A /* Build configuration list for PBXNativeTarget "Sports_App" */ = {
			isa = XCConfigurationList;
			buildConfigurations = (
				5B9AD4A12AC3E65700F2487A /* Debug */,
				5B9AD4A22AC3E65700F2487A /* Release */,
			);
			defaultConfigurationIsVisible = 0;
			defaultConfigurationName = Release;
		};
		5B9AD4A32AC3E65700F2487A /* Build configuration list for PBXNativeTarget "Sports_AppTests" */ = {
			isa = XCConfigurationList;
			buildConfigurations = (
				5B9AD4A42AC3E65700F2487A /* Debug */,
				5B9AD4A52AC3E65700F2487A /* Release */,
			);
			defaultConfigurationIsVisible = 0;
			defaultConfigurationName = Release;
		};
		5B9AD4A62AC3E65700F2487A /* Build configuration list for PBXNativeTarget "Sports_AppUITests" */ = {
			isa = XCConfigurationList;
			buildConfigurations = (
				5B9AD4A72AC3E65700F2487A /* Debug */,
				5B9AD4A82AC3E65700F2487A /* Release */,
			);
			defaultConfigurationIsVisible = 0;
			defaultConfigurationName = Release;
		};
/* End XCConfigurationList section */

/* Begin XCVersionGroup section */
		5B9AD47F2AC3E65400F2487A /* Sports_App.xcdatamodeld */ = {
			isa = XCVersionGroup;
			children = (
				5B9AD4802AC3E65400F2487A /* Sports_App.xcdatamodel */,
			);
			currentVersion = 5B9AD4802AC3E65400F2487A /* Sports_App.xcdatamodel */;
			path = Sports_App.xcdatamodeld;
			sourceTree = "<group>";
			versionGroupType = wrapper.xcdatamodel;
		};
/* End XCVersionGroup section */
	};
	rootObject = 5B9AD46B2AC3E65400F2487A /* Project object */;
}
